
Microsoft Visual Studio Solution File, Format Version 12.00
# Visual Studio 15
VisualStudioVersion = 15.0.27703.2000
MinimumVisualStudioVersion = 10.0.40219.1
Project("{8BC9CEB8-8B4A-11D0-8D11-00A0C91BC942}") = "Sandbox", "Sandbox\Sandbox.vcxproj", "{D323B579-5E2C-4012-9C86-5991B7A703FA}"
EndProject
Project("{8BC9CEB8-8B4A-11D0-8D11-00A0C91BC942}") = "Hazel", "Hazel\Hazel.vcxproj", "{1FF700BF-C701-4226-AC37-1956F87FBD64}"
EndProject
Global
	GlobalSection(SolutionConfigurationPlatforms) = preSolution
		Debug|x64 = Debug|x64
		Release|x64 = Release|x64
	EndGlobalSection
	GlobalSection(ProjectConfigurationPlatforms) = postSolution
		{1FF700BF-C701-4226-AC37-1956F87FBD64}.Debug|x64.ActiveCfg = Debug|x64
		{1FF700BF-C701-4226-AC37-1956F87FBD64}.Debug|x64.Build.0 = Debug|x64
		{1FF700BF-C701-4226-AC37-1956F87FBD64}.Release|x64.ActiveCfg = Release|x64
		{1FF700BF-C701-4226-AC37-1956F87FBD64}.Release|x64.Build.0 = Release|x64
		{D323B579-5E2C-4012-9C86-5991B7A703FA}.Debug|x64.ActiveCfg = Debug|x64
		{D323B579-5E2C-4012-9C86-5991B7A703FA}.Debug|x64.Build.0 = Debug|x64
		{D323B579-5E2C-4012-9C86-5991B7A703FA}.Release|x64.ActiveCfg = Release|x64
		{D323B579-5E2C-4012-9C86-5991B7A703FA}.Release|x64.Build.0 = Release|x64
	EndGlobalSection
	GlobalSection(SolutionProperties) = preSolution
		HideSolutionNode = FALSE
	EndGlobalSection
	GlobalSection(ExtensibilityGlobals) = postSolution
		SolutionGuid = {7700738E-591B-4D9A-A45D-2569553D6835}
	EndGlobalSection
EndGlobal
